Microsoft Visual Studio Solution File, Format Version 12.00
# Visual Studio Version 17
VisualStudioVersion = 17.5.2.0
MinimumVisualStudioVersion = 10.0.40219.1
Project("{FAE04EC0-301F-11D3-BF4B-00C04F79EFBC}") = "OpenXmlExample", "OpenXmlExample\OpenXmlExample.csproj", "{9E067F51-0776-C3A7-669A-6ACD18A81EDB}"
EndProject
Global
	GlobalSection(SolutionConfigurationPlatforms) = preSolution
		Debug|Any CPU = Debug|Any CPU
		Release|Any CPU = Release|Any CPU
	EndGlobalSection
	GlobalSection(ProjectConfigurationPlatforms) = postSolution
		{9E067F51-0776-C3A7-669A-6ACD18A81EDB}.Debug|Any CPU.ActiveCfg = Debug|Any CPU
		{9E067F51-0776-C3A7-669A-6ACD18A81EDB}.Debug|Any CPU.Build.0 = Debug|Any CPU
		{9E067F51-0776-C3A7-669A-6ACD18A81EDB}.Release|Any CPU.ActiveCfg = Release|Any CPU
		{9E067F51-0776-C3A7-669A-6ACD18A81EDB}.Release|Any CPU.Build.0 = Release|Any CPU
	EndGlobalSection
	GlobalSection(SolutionProperties) = preSolution
		HideSolutionNode = FALSE
	EndGlobalSection
	GlobalSection(ExtensibilityGlobals) = postSolution
		SolutionGuid = {D4C0529D-F168-485B-9DFB-55FF71F57296}
	EndGlobalSection
EndGlobal
